
Microsoft Visual Studio Solution File, Format Version 12.00
# Visual Studio Version 16
VisualStudioVersion = 16.0.31402.337
MinimumVisualStudioVersion = 10.0.40219.1
Project("{9A19103F-16F7-4668-BE54-9A1E7A4F7556}") = "TD_CMAKit", "TD-CMA Kit\TD_CMAKit.csproj", "{FA74D14D-A631-43FF-A32B-49F6D7712A79}"
EndProject
Project("{9A19103F-16F7-4668-BE54-9A1E7A4F7556}") = "UnitTest", "UnitTest\UnitTest.csproj", "{46C62A0A-8A3D-4EA7-8FB3-AC9FA71F41E5}"
EndProject
Global
	GlobalSection(SolutionConfigurationPlatforms) = preSolution
		Debug|Any CPU = Debug|Any CPU
		Release|Any CPU = Release|Any CPU
	EndGlobalSection
	GlobalSection(ProjectConfigurationPlatforms) = postSolution
		{FA74D14D-A631-43FF-A32B-49F6D7712A79}.Debug|Any CPU.ActiveCfg = Debug|Any CPU
		{FA74D14D-A631-43FF-A32B-49F6D7712A79}.Debug|Any CPU.Build.0 = Debug|Any CPU
		{FA74D14D-A631-43FF-A32B-49F6D7712A79}.Release|Any CPU.ActiveCfg = Release|Any CPU
		{FA74D14D-A631-43FF-A32B-49F6D7712A79}.Release|Any CPU.Build.0 = Release|Any CPU
		{46C62A0A-8A3D-4EA7-8FB3-AC9FA71F41E5}.Debug|Any CPU.ActiveCfg = Debug|Any CPU
		{46C62A0A-8A3D-4EA7-8FB3-AC9FA71F41E5}.Debug|Any CPU.Build.0 = Debug|Any CPU
		{46C62A0A-8A3D-4EA7-8FB3-AC9FA71F41E5}.Release|Any CPU.ActiveCfg = Release|Any CPU
		{46C62A0A-8A3D-4EA7-8FB3-AC9FA71F41E5}.Release|Any CPU.Build.0 = Release|Any CPU
	EndGlobalSection
	GlobalSection(SolutionProperties) = preSolution
		HideSolutionNode = FALSE
	EndGlobalSection
	GlobalSection(ExtensibilityGlobals) = postSolution
		SolutionGuid = {C978BDC3-5922-4DCF-A016-674F0C195B86}
	EndGlobalSection
EndGlobal
